
Microsoft Visual Studio Solution File, Format Version 12.00
# 
Project("{FAE04EC0-301F-11D3-BF4B-00C04F79EFBC}") = "mongo-declarative-indexes", "mongo-declarative-indexes\mongo-declarative-indexes.csproj", "{4BAF5452-C015-4896-B132-F71398203255}"
EndProject
Project("{FAE04EC0-301F-11D3-BF4B-00C04F79EFBC}") = "mongo-declarative-indexes.Tests", "mongo-declarative-indexes.Tests\mongo-declarative-indexes.Tests.csproj", "{B4733E13-E55A-45B1-B592-032206E3BBF3}"
EndProject
Global
	GlobalSection(SolutionConfigurationPlatforms) = preSolution
		Debug|Any CPU = Debug|Any CPU
		Release|Any CPU = Release|Any CPU
	EndGlobalSection
	GlobalSection(ProjectConfigurationPlatforms) = postSolution
		{4BAF5452-C015-4896-B132-F71398203255}.Debug|Any CPU.ActiveCfg = Debug|Any CPU
		{4BAF5452-C015-4896-B132-F71398203255}.Debug|Any CPU.Build.0 = Debug|Any CPU
		{4BAF5452-C015-4896-B132-F71398203255}.Release|Any CPU.ActiveCfg = Release|Any CPU
		{4BAF5452-C015-4896-B132-F71398203255}.Release|Any CPU.Build.0 = Release|Any CPU
		{B4733E13-E55A-45B1-B592-032206E3BBF3}.Debug|Any CPU.ActiveCfg = Debug|Any CPU
		{B4733E13-E55A-45B1-B592-032206E3BBF3}.Debug|Any CPU.Build.0 = Debug|Any CPU
		{B4733E13-E55A-45B1-B592-032206E3BBF3}.Release|Any CPU.ActiveCfg = Release|Any CPU
		{B4733E13-E55A-45B1-B592-032206E3BBF3}.Release|Any CPU.Build.0 = Release|Any CPU
	EndGlobalSection
EndGlobal
